
Microsoft Visual Studio Solution File, Format Version 12.00
# Visual Studio Version 16
VisualStudioVersion = 16.0.30611.23
MinimumVisualStudioVersion = 10.0.40219.1
Project("{FAE04EC0-301F-11D3-BF4B-00C04F79EFBC}") = "Valuta_idosor", "Valuta_idosor.csproj", "{0503CDBC-3EE1-4151-AF7B-DFCC5172BD42}"
EndProject
Global
	GlobalSection(SolutionConfigurationPlatforms) = preSolution
		Debug|Any CPU = Debug|Any CPU
		Release|Any CPU = Release|Any CPU
	EndGlobalSection
	GlobalSection(ProjectConfigurationPlatforms) = postSolution
		{0503CDBC-3EE1-4151-AF7B-DFCC5172BD42}.Debug|Any CPU.ActiveCfg = Debug|Any CPU
		{0503CDBC-3EE1-4151-AF7B-DFCC5172BD42}.Debug|Any CPU.Build.0 = Debug|Any CPU
		{0503CDBC-3EE1-4151-AF7B-DFCC5172BD42}.Release|Any CPU.ActiveCfg = Release|Any CPU
		{0503CDBC-3EE1-4151-AF7B-DFCC5172BD42}.Release|Any CPU.Build.0 = Release|Any CPU
	EndGlobalSection
	GlobalSection(SolutionProperties) = preSolution
		HideSolutionNode = FALSE
	EndGlobalSection
	GlobalSection(ExtensibilityGlobals) = postSolution
		SolutionGuid = {9E4AA410-0777-4AAC-9923-F48BA23EE114}
	EndGlobalSection
EndGlobal
