
Microsoft Visual Studio Solution File, Format Version 12.00
# Visual Studio Version 16
VisualStudioVersion = 16.0.30611.23
MinimumVisualStudioVersion = 10.0.40219.1
Project("{FAE04EC0-301F-11D3-BF4B-00C04F79EFBC}") = "Value_at_Risk", "Value_at_Risk.csproj", "{085D73E2-0CB0-4BB2-B543-676A7D312ACF}"
EndProject
Global
	GlobalSection(SolutionConfigurationPlatforms) = preSolution
		Debug|Any CPU = Debug|Any CPU
		Release|Any CPU = Release|Any CPU
	EndGlobalSection
	GlobalSection(ProjectConfigurationPlatforms) = postSolution
		{085D73E2-0CB0-4BB2-B543-676A7D312ACF}.Debug|Any CPU.ActiveCfg = Debug|Any CPU
		{085D73E2-0CB0-4BB2-B543-676A7D312ACF}.Debug|Any CPU.Build.0 = Debug|Any CPU
		{085D73E2-0CB0-4BB2-B543-676A7D312ACF}.Release|Any CPU.ActiveCfg = Release|Any CPU
		{085D73E2-0CB0-4BB2-B543-676A7D312ACF}.Release|Any CPU.Build.0 = Release|Any CPU
	EndGlobalSection
	GlobalSection(SolutionProperties) = preSolution
		HideSolutionNode = FALSE
	EndGlobalSection
	GlobalSection(ExtensibilityGlobals) = postSolution
		SolutionGuid = {CD802BC9-54F4-4AAF-8A8F-DD9CB78B15E7}
	EndGlobalSection
EndGlobal
