
Microsoft Visual Studio Solution File, Format Version 12.00
# Visual Studio Version 16
VisualStudioVersion = 16.0.30611.23
MinimumVisualStudioVersion = 10.0.40219.1
Project("{FAE04EC0-301F-11D3-BF4B-00C04F79EFBC}") = "Evolucios_alg_Worldhardestgame", "Evolucios_alg_Worldhardestgame.csproj", "{0CC75856-2EF6-4920-9DA8-245519798380}"
EndProject
Global
	GlobalSection(SolutionConfigurationPlatforms) = preSolution
		Debug|Any CPU = Debug|Any CPU
		Release|Any CPU = Release|Any CPU
	EndGlobalSection
	GlobalSection(ProjectConfigurationPlatforms) = postSolution
		{0CC75856-2EF6-4920-9DA8-245519798380}.Debug|Any CPU.ActiveCfg = Debug|Any CPU
		{0CC75856-2EF6-4920-9DA8-245519798380}.Debug|Any CPU.Build.0 = Debug|Any CPU
		{0CC75856-2EF6-4920-9DA8-245519798380}.Release|Any CPU.ActiveCfg = Release|Any CPU
		{0CC75856-2EF6-4920-9DA8-245519798380}.Release|Any CPU.Build.0 = Release|Any CPU
	EndGlobalSection
	GlobalSection(SolutionProperties) = preSolution
		HideSolutionNode = FALSE
	EndGlobalSection
	GlobalSection(ExtensibilityGlobals) = postSolution
		SolutionGuid = {E3D197D2-72F1-4CC1-8C4E-0AE74EA64B4C}
	EndGlobalSection
EndGlobal
